
Microsoft Visual Studio Solution File, Format Version 12.00
# Visual Studio 15
VisualStudioVersion = 15.0.27004.2006
MinimumVisualStudioVersion = 10.0.40219.1
Project("{FAE04EC0-301F-11D3-BF4B-00C04F79EFBC}") = "reken", "reken\reken.csproj", "{186942B4-A092-4FBF-BFC7-F7144E2AB87E}"
EndProject
Global
	GlobalSection(SolutionConfigurationPlatforms) = preSolution
		Debug|Any CPU = Debug|Any CPU
		Release|Any CPU = Release|Any CPU
	EndGlobalSection
	GlobalSection(ProjectConfigurationPlatforms) = postSolution
		{186942B4-A092-4FBF-BFC7-F7144E2AB87E}.Debug|Any CPU.ActiveCfg = Debug|Any CPU
		{186942B4-A092-4FBF-BFC7-F7144E2AB87E}.Debug|Any CPU.Build.0 = Debug|Any CPU
		{186942B4-A092-4FBF-BFC7-F7144E2AB87E}.Release|Any CPU.ActiveCfg = Release|Any CPU
		{186942B4-A092-4FBF-BFC7-F7144E2AB87E}.Release|Any CPU.Build.0 = Release|Any CPU
	EndGlobalSection
	GlobalSection(SolutionProperties) = preSolution
		HideSolutionNode = FALSE
	EndGlobalSection
	GlobalSection(ExtensibilityGlobals) = postSolution
		SolutionGuid = {C2DB75F4-4DA3-4D56-858D-50B32040088D}
	EndGlobalSection
EndGlobal
